
Microsoft Visual Studio Solution File, Format Version 12.00
# Visual Studio Version 17
VisualStudioVersion = 17.4.33122.133
MinimumVisualStudioVersion = 10.0.40219.1
Project("{FAE04EC0-301F-11D3-BF4B-00C04F79EFBC}") = "SnakeAndLadder", "SnakeAndLadder.csproj", "{DD902077-3E55-40E9-A95B-46F6305E083E}"
EndProject
Global
	GlobalSection(SolutionConfigurationPlatforms) = preSolution
		Debug|Any CPU = Debug|Any CPU
		Release|Any CPU = Release|Any CPU
	EndGlobalSection
	GlobalSection(ProjectConfigurationPlatforms) = postSolution
		{DD902077-3E55-40E9-A95B-46F6305E083E}.Debug|Any CPU.ActiveCfg = Debug|Any CPU
		{DD902077-3E55-40E9-A95B-46F6305E083E}.Debug|Any CPU.Build.0 = Debug|Any CPU
		{DD902077-3E55-40E9-A95B-46F6305E083E}.Release|Any CPU.ActiveCfg = Release|Any CPU
		{DD902077-3E55-40E9-A95B-46F6305E083E}.Release|Any CPU.Build.0 = Release|Any CPU
	EndGlobalSection
	GlobalSection(SolutionProperties) = preSolution
		HideSolutionNode = FALSE
	EndGlobalSection
	GlobalSection(ExtensibilityGlobals) = postSolution
		SolutionGuid = {E628D21D-8B4A-45F1-9109-76976EFE58A4}
	EndGlobalSection
EndGlobal
